
Microsoft Visual Studio Solution File, Format Version 12.00
# Visual Studio Version 17
VisualStudioVersion = 17.1.32421.90
MinimumVisualStudioVersion = 10.0.40219.1
Project("{FAE04EC0-301F-11D3-BF4B-00C04F79EFBC}") = "iRecycleIt", "iRecycleIt\iRecycleIt.csproj", "{6C5A4EA0-85C3-415B-999D-EE82BFA33EB9}"
EndProject
Global
	GlobalSection(SolutionConfigurationPlatforms) = preSolution
		Debug|Any CPU = Debug|Any CPU
		Release|Any CPU = Release|Any CPU
	EndGlobalSection
	GlobalSection(ProjectConfigurationPlatforms) = postSolution
		{6C5A4EA0-85C3-415B-999D-EE82BFA33EB9}.Debug|Any CPU.ActiveCfg = Debug|Any CPU
		{6C5A4EA0-85C3-415B-999D-EE82BFA33EB9}.Debug|Any CPU.Build.0 = Debug|Any CPU
		{6C5A4EA0-85C3-415B-999D-EE82BFA33EB9}.Release|Any CPU.ActiveCfg = Release|Any CPU
		{6C5A4EA0-85C3-415B-999D-EE82BFA33EB9}.Release|Any CPU.Build.0 = Release|Any CPU
	EndGlobalSection
	GlobalSection(SolutionProperties) = preSolution
		HideSolutionNode = FALSE
	EndGlobalSection
	GlobalSection(ExtensibilityGlobals) = postSolution
		SolutionGuid = {3BD631BC-9BC0-442D-A00C-A010AA55B67E}
	EndGlobalSection
EndGlobal
